
Microsoft Visual Studio Solution File, Format Version 9.00
# Visual Studio 2005
Project("{8BC9CEB8-8B4A-11D0-8D11-00A0C91BC942}") = "player", "player\player.vcproj", "{79D23593-503E-4C31-9342-42A970AAE0AF}"
	ProjectSection(ProjectDependencies) = postProject
		{785C3DDF-8EC2-4C7D-90DD-0871FB11F0E8} = {785C3DDF-8EC2-4C7D-90DD-0871FB11F0E8}
		{53E4D5C1-3A4D-4DEC-9720-F9F692CD25AB} = {53E4D5C1-3A4D-4DEC-9720-F9F692CD25AB}
		{832323BE-F1FE-498C-B343-71D748D65228} = {832323BE-F1FE-498C-B343-71D748D65228}
		{53252DAF-E748-482C-A34F-02CA5594D89C} = {53252DAF-E748-482C-A34F-02CA5594D89C}
		{7FCE554E-5455-4EEC-8E53-FF0FEF5F8228} = {7FCE554E-5455-4EEC-8E53-FF0FEF5F8228}
		{52DD0D1F-947E-47DE-B41B-86A34AF0B182} = {52DD0D1F-947E-47DE-B41B-86A34AF0B182}
		{C8ECB503-7B33-40D7-B317-EF6678B083FE} = {C8ECB503-7B33-40D7-B317-EF6678B083FE}
		{A3E75400-2C70-4D89-9D45-E08DC8259E67} = {A3E75400-2C70-4D89-9D45-E08DC8259E67}
	EndProjectSection
EndProject
Project("{8BC9CEB8-8B4A-11D0-8D11-00A0C91BC942}") = "common", "common\common.vcproj", "{A3E75400-2C70-4D89-9D45-E08DC8259E67}"
EndProject
Project("{8BC9CEB8-8B4A-11D0-8D11-00A0C91BC942}") = "splitter", "splitter\splitter.vcproj", "{53E4D5C1-3A4D-4DEC-9720-F9F692CD25AB}"
	ProjectSection(ProjectDependencies) = postProject
		{A3E75400-2C70-4D89-9D45-E08DC8259E67} = {A3E75400-2C70-4D89-9D45-E08DC8259E67}
	EndProjectSection
EndProject
Project("{8BC9CEB8-8B4A-11D0-8D11-00A0C91BC942}") = "mpeg1", "mpeg1\mpeg1.vcproj", "{52DD0D1F-947E-47DE-B41B-86A34AF0B182}"
	ProjectSection(ProjectDependencies) = postProject
		{A3E75400-2C70-4D89-9D45-E08DC8259E67} = {A3E75400-2C70-4D89-9D45-E08DC8259E67}
	EndProjectSection
EndProject
Project("{8BC9CEB8-8B4A-11D0-8D11-00A0C91BC942}") = "interface", "interface\interface.vcproj", "{7FCE554E-5455-4EEC-8E53-FF0FEF5F8228}"
	ProjectSection(ProjectDependencies) = postProject
		{A3E75400-2C70-4D89-9D45-E08DC8259E67} = {A3E75400-2C70-4D89-9D45-E08DC8259E67}
	EndProjectSection
EndProject
Project("{8BC9CEB8-8B4A-11D0-8D11-00A0C91BC942}") = "libmad", "libmad\libmad.vcproj", "{832323BE-F1FE-498C-B343-71D748D65228}"
	ProjectSection(ProjectDependencies) = postProject
		{A3E75400-2C70-4D89-9D45-E08DC8259E67} = {A3E75400-2C70-4D89-9D45-E08DC8259E67}
	EndProjectSection
EndProject
Project("{8BC9CEB8-8B4A-11D0-8D11-00A0C91BC942}") = "sample_win32", "sample\sample_win32.vcproj", "{4B80978E-F6F7-4FA6-919C-77497126A419}"
	ProjectSection(ProjectDependencies) = postProject
		{A3E75400-2C70-4D89-9D45-E08DC8259E67} = {A3E75400-2C70-4D89-9D45-E08DC8259E67}
	EndProjectSection
EndProject
Project("{8BC9CEB8-8B4A-11D0-8D11-00A0C91BC942}") = "mpeg4", "mpeg4\mpeg4.vcproj", "{C8ECB503-7B33-40D7-B317-EF6678B083FE}"
	ProjectSection(ProjectDependencies) = postProject
		{A3E75400-2C70-4D89-9D45-E08DC8259E67} = {A3E75400-2C70-4D89-9D45-E08DC8259E67}
	EndProjectSection
EndProject
Project("{8BC9CEB8-8B4A-11D0-8D11-00A0C91BC942}") = "aac", "aac\aac.vcproj", "{53252DAF-E748-482C-A34F-02CA5594D89C}"
	ProjectSection(ProjectDependencies) = postProject
		{A3E75400-2C70-4D89-9D45-E08DC8259E67} = {A3E75400-2C70-4D89-9D45-E08DC8259E67}
	EndProjectSection
EndProject
Project("{8BC9CEB8-8B4A-11D0-8D11-00A0C91BC942}") = "ac3", "ac3\ac3.vcproj", "{785C3DDF-8EC2-4C7D-90DD-0871FB11F0E8}"
	ProjectSection(ProjectDependencies) = postProject
		{A3E75400-2C70-4D89-9D45-E08DC8259E67} = {A3E75400-2C70-4D89-9D45-E08DC8259E67}
	EndProjectSection
EndProject
Project("{8BC9CEB8-8B4A-11D0-8D11-00A0C91BC942}") = "matroska", "matroska\matroska.vcproj", "{4201C878-EA66-4CEE-90D7-111830C11043}"
	ProjectSection(ProjectDependencies) = postProject
		{A3E75400-2C70-4D89-9D45-E08DC8259E67} = {A3E75400-2C70-4D89-9D45-E08DC8259E67}
	EndProjectSection
EndProject
Project("{8BC9CEB8-8B4A-11D0-8D11-00A0C91BC942}") = "ffmpeg", "ffmpeg\ffmpeg.vcproj", "{7BFE7120-E579-46CA-B222-D418BFB5C146}"
	ProjectSection(ProjectDependencies) = postProject
		{A3E75400-2C70-4D89-9D45-E08DC8259E67} = {A3E75400-2C70-4D89-9D45-E08DC8259E67}
	EndProjectSection
EndProject
Project("{8BC9CEB8-8B4A-11D0-8D11-00A0C91BC942}") = "vorbislq", "vorbislq\vorbislq.vcproj", "{F720A965-DFEB-421D-99E3-832C57A55F2C}"
	ProjectSection(ProjectDependencies) = postProject
		{A3E75400-2C70-4D89-9D45-E08DC8259E67} = {A3E75400-2C70-4D89-9D45-E08DC8259E67}
	EndProjectSection
EndProject
Global
	GlobalSection(SolutionConfigurationPlatforms) = preSolution
		Debug|Mixed Platforms = Debug|Mixed Platforms
		Debug|Pocket PC 2003 (ARMV4) = Debug|Pocket PC 2003 (ARMV4)
		Debug|Smartphone 2003 (ARMV4) = Debug|Smartphone 2003 (ARMV4)
		Debug|Win32 = Debug|Win32
		Debug|Windows Mobile 5.0 Pocket PC SDK (ARMV4I) = Debug|Windows Mobile 5.0 Pocket PC SDK (ARMV4I)
		Debug|Windows Mobile 5.0 Smartphone SDK (ARMV4I) = Debug|Windows Mobile 5.0 Smartphone SDK (ARMV4I)
		Release|Mixed Platforms = Release|Mixed Platforms
		Release|Pocket PC 2003 (ARMV4) = Release|Pocket PC 2003 (ARMV4)
		Release|Smartphone 2003 (ARMV4) = Release|Smartphone 2003 (ARMV4)
		Release|Win32 = Release|Win32
		Release|Windows Mobile 5.0 Pocket PC SDK (ARMV4I) = Release|Windows Mobile 5.0 Pocket PC SDK (ARMV4I)
		Release|Windows Mobile 5.0 Smartphone SDK (ARMV4I) = Release|Windows Mobile 5.0 Smartphone SDK (ARMV4I)
	EndGlobalSection
	GlobalSection(ProjectConfigurationPlatforms) = postSolution
		{79D23593-503E-4C31-9342-42A970AAE0AF}.Debug|Mixed Platforms.ActiveCfg = Debug|Win32
		{79D23593-503E-4C31-9342-42A970AAE0AF}.Debug|Mixed Platforms.Build.0 = Debug|Win32
		{79D23593-503E-4C31-9342-42A970AAE0AF}.Debug|Pocket PC 2003 (ARMV4).ActiveCfg = Debug|Pocket PC 2003 (ARMV4)
		{79D23593-503E-4C31-9342-42A970AAE0AF}.Debug|Pocket PC 2003 (ARMV4).Build.0 = Debug|Pocket PC 2003 (ARMV4)
		{79D23593-503E-4C31-9342-42A970AAE0AF}.Debug|Pocket PC 2003 (ARMV4).Deploy.0 = Debug|Pocket PC 2003 (ARMV4)
		{79D23593-503E-4C31-9342-42A970AAE0AF}.Debug|Smartphone 2003 (ARMV4).ActiveCfg = Debug|Smartphone 2003 (ARMV4)
		{79D23593-503E-4C31-9342-42A970AAE0AF}.Debug|Smartphone 2003 (ARMV4).Build.0 = Debug|Smartphone 2003 (ARMV4)
		{79D23593-503E-4C31-9342-42A970AAE0AF}.Debug|Smartphone 2003 (ARMV4).Deploy.0 = Debug|Smartphone 2003 (ARMV4)
		{79D23593-503E-4C31-9342-42A970AAE0AF}.Debug|Win32.ActiveCfg = Debug|Win32
		{79D23593-503E-4C31-9342-42A970AAE0AF}.Debug|Win32.Build.0 = Debug|Win32
		{79D23593-503E-4C31-9342-42A970AAE0AF}.Debug|Windows Mobile 5.0 Pocket PC SDK (ARMV4I).ActiveCfg = Debug|Win32
		{79D23593-503E-4C31-9342-42A970AAE0AF}.Debug|Windows Mobile 5.0 Smartphone SDK (ARMV4I).ActiveCfg = Debug|Win32
		{79D23593-503E-4C31-9342-42A970AAE0AF}.Release|Mixed Platforms.ActiveCfg = Release|Win32
		{79D23593-503E-4C31-9342-42A970AAE0AF}.Release|Mixed Platforms.Build.0 = Release|Win32
		{79D23593-503E-4C31-9342-42A970AAE0AF}.Release|Pocket PC 2003 (ARMV4).ActiveCfg = Release|Pocket PC 2003 (ARMV4)
		{79D23593-503E-4C31-9342-42A970AAE0AF}.Release|Pocket PC 2003 (ARMV4).Build.0 = Release|Pocket PC 2003 (ARMV4)
		{79D23593-503E-4C31-9342-42A970AAE0AF}.Release|Pocket PC 2003 (ARMV4).Deploy.0 = Release|Pocket PC 2003 (ARMV4)
		{79D23593-503E-4C31-9342-42A970AAE0AF}.Release|Smartphone 2003 (ARMV4).ActiveCfg = Release|Smartphone 2003 (ARMV4)
		{79D23593-503E-4C31-9342-42A970AAE0AF}.Release|Smartphone 2003 (ARMV4).Build.0 = Release|Smartphone 2003 (ARMV4)
		{79D23593-503E-4C31-9342-42A970AAE0AF}.Release|Smartphone 2003 (ARMV4).Deploy.0 = Release|Smartphone 2003 (ARMV4)
		{79D23593-503E-4C31-9342-42A970AAE0AF}.Release|Win32.ActiveCfg = Release|Win32
		{79D23593-503E-4C31-9342-42A970AAE0AF}.Release|Win32.Build.0 = Release|Win32
		{79D23593-503E-4C31-9342-42A970AAE0AF}.Release|Windows Mobile 5.0 Pocket PC SDK (ARMV4I).ActiveCfg = Release|Win32
		{79D23593-503E-4C31-9342-42A970AAE0AF}.Release|Windows Mobile 5.0 Smartphone SDK (ARMV4I).ActiveCfg = Release|Win32
		{A3E75400-2C70-4D89-9D45-E08DC8259E67}.Debug|Mixed Platforms.ActiveCfg = Debug|Windows Mobile 5.0 Smartphone SDK (ARMV4I)
		{A3E75400-2C70-4D89-9D45-E08DC8259E67}.Debug|Mixed Platforms.Build.0 = Debug|Windows Mobile 5.0 Smartphone SDK (ARMV4I)
		{A3E75400-2C70-4D89-9D45-E08DC8259E67}.Debug|Pocket PC 2003 (ARMV4).ActiveCfg = Debug|Pocket PC 2003 (ARMV4)
		{A3E75400-2C70-4D89-9D45-E08DC8259E67}.Debug|Pocket PC 2003 (ARMV4).Build.0 = Debug|Pocket PC 2003 (ARMV4)
		{A3E75400-2C70-4D89-9D45-E08DC8259E67}.Debug|Pocket PC 2003 (ARMV4).Deploy.0 = Debug|Pocket PC 2003 (ARMV4)
		{A3E75400-2C70-4D89-9D45-E08DC8259E67}.Debug|Smartphone 2003 (ARMV4).ActiveCfg = Debug|Smartphone 2003 (ARMV4)
		{A3E75400-2C70-4D89-9D45-E08DC8259E67}.Debug|Smartphone 2003 (ARMV4).Build.0 = Debug|Smartphone 2003 (ARMV4)
		{A3E75400-2C70-4D89-9D45-E08DC8259E67}.Debug|Smartphone 2003 (ARMV4).Deploy.0 = Debug|Smartphone 2003 (ARMV4)
		{A3E75400-2C70-4D89-9D45-E08DC8259E67}.Debug|Win32.ActiveCfg = Debug|Win32
		{A3E75400-2C70-4D89-9D45-E08DC8259E67}.Debug|Win32.Build.0 = Debug|Win32
		{A3E75400-2C70-4D89-9D45-E08DC8259E67}.Debug|Windows Mobile 5.0 Pocket PC SDK (ARMV4I).ActiveCfg = Debug|Windows Mobile 5.0 Pocket PC SDK (ARMV4I)
		{A3E75400-2C70-4D89-9D45-E08DC8259E67}.Debug|Windows Mobile 5.0 Pocket PC SDK (ARMV4I).Build.0 = Debug|Windows Mobile 5.0 Pocket PC SDK (ARMV4I)
		{A3E75400-2C70-4D89-9D45-E08DC8259E67}.Debug|Windows Mobile 5.0 Pocket PC SDK (ARMV4I).Deploy.0 = Debug|Windows Mobile 5.0 Pocket PC SDK (ARMV4I)
		{A3E75400-2C70-4D89-9D45-E08DC8259E67}.Debug|Windows Mobile 5.0 Smartphone SDK (ARMV4I).ActiveCfg = Debug|Windows Mobile 5.0 Smartphone SDK (ARMV4I)
		{A3E75400-2C70-4D89-9D45-E08DC8259E67}.Debug|Windows Mobile 5.0 Smartphone SDK (ARMV4I).Build.0 = Debug|Windows Mobile 5.0 Smartphone SDK (ARMV4I)
		{A3E75400-2C70-4D89-9D45-E08DC8259E67}.Debug|Windows Mobile 5.0 Smartphone SDK (ARMV4I).Deploy.0 = Debug|Windows Mobile 5.0 Smartphone SDK (ARMV4I)
		{A3E75400-2C70-4D89-9D45-E08DC8259E67}.Release|Mixed Platforms.ActiveCfg = Release|Windows Mobile 5.0 Smartphone SDK (ARMV4I)
		{A3E75400-2C70-4D89-9D45-E08DC8259E67}.Release|Mixed Platforms.Build.0 = Release|Windows Mobile 5.0 Smartphone SDK (ARMV4I)
		{A3E75400-2C70-4D89-9D45-E08DC8259E67}.Release|Pocket PC 2003 (ARMV4).ActiveCfg = Release|Pocket PC 2003 (ARMV4)
		{A3E75400-2C70-4D89-9D45-E08DC8259E67}.Release|Pocket PC 2003 (ARMV4).Build.0 = Release|Pocket PC 2003 (ARMV4)
		{A3E75400-2C70-4D89-9D45-E08DC8259E67}.Release|Pocket PC 2003 (ARMV4).Deploy.0 = Release|Pocket PC 2003 (ARMV4)
		{A3E75400-2C70-4D89-9D45-E08DC8259E67}.Release|Smartphone 2003 (ARMV4).ActiveCfg = Release|Smartphone 2003 (ARMV4)
		{A3E75400-2C70-4D89-9D45-E08DC8259E67}.Release|Smartphone 2003 (ARMV4).Build.0 = Release|Smartphone 2003 (ARMV4)
		{A3E75400-2C70-4D89-9D45-E08DC8259E67}.Release|Smartphone 2003 (ARMV4).Deploy.0 = Release|Smartphone 2003 (ARMV4)
		{A3E75400-2C70-4D89-9D45-E08DC8259E67}.Release|Win32.ActiveCfg = Release|Win32
		{A3E75400-2C70-4D89-9D45-E08DC8259E67}.Release|Win32.Build.0 = Release|Win32
		{A3E75400-2C70-4D89-9D45-E08DC8259E67}.Release|Windows Mobile 5.0 Pocket PC SDK (ARMV4I).ActiveCfg = Release|Windows Mobile 5.0 Pocket PC SDK (ARMV4I)
		{A3E75400-2C70-4D89-9D45-E08DC8259E67}.Release|Windows Mobile 5.0 Pocket PC SDK (ARMV4I).Build.0 = Release|Windows Mobile 5.0 Pocket PC SDK (ARMV4I)
		{A3E75400-2C70-4D89-9D45-E08DC8259E67}.Release|Windows Mobile 5.0 Pocket PC SDK (ARMV4I).Deploy.0 = Release|Windows Mobile 5.0 Pocket PC SDK (ARMV4I)
		{A3E75400-2C70-4D89-9D45-E08DC8259E67}.Release|Windows Mobile 5.0 Smartphone SDK (ARMV4I).ActiveCfg = Release|Windows Mobile 5.0 Smartphone SDK (ARMV4I)
		{A3E75400-2C70-4D89-9D45-E08DC8259E67}.Release|Windows Mobile 5.0 Smartphone SDK (ARMV4I).Build.0 = Release|Windows Mobile 5.0 Smartphone SDK (ARMV4I)
		{A3E75400-2C70-4D89-9D45-E08DC8259E67}.Release|Windows Mobile 5.0 Smartphone SDK (ARMV4I).Deploy.0 = Release|Windows Mobile 5.0 Smartphone SDK (ARMV4I)
		{53E4D5C1-3A4D-4DEC-9720-F9F692CD25AB}.Debug|Mixed Platforms.ActiveCfg = Debug|Windows Mobile 5.0 Smartphone SDK (ARMV4I)
		{53E4D5C1-3A4D-4DEC-9720-F9F692CD25AB}.Debug|Mixed Platforms.Build.0 = Debug|Windows Mobile 5.0 Smartphone SDK (ARMV4I)
		{53E4D5C1-3A4D-4DEC-9720-F9F692CD25AB}.Debug|Pocket PC 2003 (ARMV4).ActiveCfg = Debug|Pocket PC 2003 (ARMV4)
		{53E4D5C1-3A4D-4DEC-9720-F9F692CD25AB}.Debug|Pocket PC 2003 (ARMV4).Build.0 = Debug|Pocket PC 2003 (ARMV4)
		{53E4D5C1-3A4D-4DEC-9720-F9F692CD25AB}.Debug|Pocket PC 2003 (ARMV4).Deploy.0 = Debug|Pocket PC 2003 (ARMV4)
		{53E4D5C1-3A4D-4DEC-9720-F9F692CD25AB}.Debug|Smartphone 2003 (ARMV4).ActiveCfg = Debug|Smartphone 2003 (ARMV4)
		{53E4D5C1-3A4D-4DEC-9720-F9F692CD25AB}.Debug|Smartphone 2003 (ARMV4).Build.0 = Debug|Smartphone 2003 (ARMV4)
		{53E4D5C1-3A4D-4DEC-9720-F9F692CD25AB}.Debug|Smartphone 2003 (ARMV4).Deploy.0 = Debug|Smartphone 2003 (ARMV4)
		{53E4D5C1-3A4D-4DEC-9720-F9F692CD25AB}.Debug|Win32.ActiveCfg = Debug|Win32
		{53E4D5C1-3A4D-4DEC-9720-F9F692CD25AB}.Debug|Win32.Build.0 = Debug|Win32
		{53E4D5C1-3A4D-4DEC-9720-F9F692CD25AB}.Debug|Windows Mobile 5.0 Pocket PC SDK (ARMV4I).ActiveCfg = Debug|Windows Mobile 5.0 Pocket PC SDK (ARMV4I)
		{53E4D5C1-3A4D-4DEC-9720-F9F692CD25AB}.Debug|Windows Mobile 5.0 Pocket PC SDK (ARMV4I).Build.0 = Debug|Windows Mobile 5.0 Pocket PC SDK (ARMV4I)
		{53E4D5C1-3A4D-4DEC-9720-F9F692CD25AB}.Debug|Windows Mobile 5.0 Pocket PC SDK (ARMV4I).Deploy.0 = Debug|Windows Mobile 5.0 Pocket PC SDK (ARMV4I)
		{53E4D5C1-3A4D-4DEC-9720-F9F692CD25AB}.Debug|Windows Mobile 5.0 Smartphone SDK (ARMV4I).ActiveCfg = Debug|Windows Mobile 5.0 Smartphone SDK (ARMV4I)
		{53E4D5C1-3A4D-4DEC-9720-F9F692CD25AB}.Debug|Windows Mobile 5.0 Smartphone SDK (ARMV4I).Build.0 = Debug|Windows Mobile 5.0 Smartphone SDK (ARMV4I)
		{53E4D5C1-3A4D-4DEC-9720-F9F692CD25AB}.Debug|Windows Mobile 5.0 Smartphone SDK (ARMV4I).Deploy.0 = Debug|Windows Mobile 5.0 Smartphone SDK (ARMV4I)
		{53E4D5C1-3A4D-4DEC-9720-F9F692CD25AB}.Release|Mixed Platforms.ActiveCfg = Release|Windows Mobile 5.0 Smartphone SDK (ARMV4I)
		{53E4D5C1-3A4D-4DEC-9720-F9F692CD25AB}.Release|Mixed Platforms.Build.0 = Release|Windows Mobile 5.0 Smartphone SDK (ARMV4I)
		{53E4D5C1-3A4D-4DEC-9720-F9F692CD25AB}.Release|Pocket PC 2003 (ARMV4).ActiveCfg = Release|Pocket PC 2003 (ARMV4)
		{53E4D5C1-3A4D-4DEC-9720-F9F692CD25AB}.Release|Pocket PC 2003 (ARMV4).Build.0 = Release|Pocket PC 2003 (ARMV4)
		{53E4D5C1-3A4D-4DEC-9720-F9F692CD25AB}.Release|Pocket PC 2003 (ARMV4).Deploy.0 = Release|Pocket PC 2003 (ARMV4)
		{53E4D5C1-3A4D-4DEC-9720-F9F692CD25AB}.Release|Smartphone 2003 (ARMV4).ActiveCfg = Release|Smartphone 2003 (ARMV4)
		{53E4D5C1-3A4D-4DEC-9720-F9F692CD25AB}.Release|Smartphone 2003 (ARMV4).Build.0 = Release|Smartphone 2003 (ARMV4)
		{53E4D5C1-3A4D-4DEC-9720-F9F692CD25AB}.Release|Smartphone 2003 (ARMV4).Deploy.0 = Release|Smartphone 2003 (ARMV4)
		{53E4D5C1-3A4D-4DEC-9720-F9F692CD25AB}.Release|Win32.ActiveCfg = Release|Win32
		{53E4D5C1-3A4D-4DEC-9720-F9F692CD25AB}.Release|Win32.Build.0 = Release|Win32
		{53E4D5C1-3A4D-4DEC-9720-F9F692CD25AB}.Release|Windows Mobile 5.0 Pocket PC SDK (ARMV4I).ActiveCfg = Release|Windows Mobile 5.0 Pocket PC SDK (ARMV4I)
		{53E4D5C1-3A4D-4DEC-9720-F9F692CD25AB}.Release|Windows Mobile 5.0 Pocket PC SDK (ARMV4I).Build.0 = Release|Windows Mobile 5.0 Pocket PC SDK (ARMV4I)
		{53E4D5C1-3A4D-4DEC-9720-F9F692CD25AB}.Release|Windows Mobile 5.0 Pocket PC SDK (ARMV4I).Deploy.0 = Release|Windows Mobile 5.0 Pocket PC SDK (ARMV4I)
		{53E4D5C1-3A4D-4DEC-9720-F9F692CD25AB}.Release|Windows Mobile 5.0 Smartphone SDK (ARMV4I).ActiveCfg = Release|Windows Mobile 5.0 Smartphone SDK (ARMV4I)
		{53E4D5C1-3A4D-4DEC-9720-F9F692CD25AB}.Release|Windows Mobile 5.0 Smartphone SDK (ARMV4I).Build.0 = Release|Windows Mobile 5.0 Smartphone SDK (ARMV4I)
		{53E4D5C1-3A4D-4DEC-9720-F9F692CD25AB}.Release|Windows Mobile 5.0 Smartphone SDK (ARMV4I).Deploy.0 = Release|Windows Mobile 5.0 Smartphone SDK (ARMV4I)
		{52DD0D1F-947E-47DE-B41B-86A34AF0B182}.Debug|Mixed Platforms.ActiveCfg = Debug|Windows Mobile 5.0 Smartphone SDK (ARMV4I)
		{52DD0D1F-947E-47DE-B41B-86A34AF0B182}.Debug|Mixed Platforms.Build.0 = Debug|Windows Mobile 5.0 Smartphone SDK (ARMV4I)
		{52DD0D1F-947E-47DE-B41B-86A34AF0B182}.Debug|Pocket PC 2003 (ARMV4).ActiveCfg = Debug|Pocket PC 2003 (ARMV4)
		{52DD0D1F-947E-47DE-B41B-86A34AF0B182}.Debug|Pocket PC 2003 (ARMV4).Build.0 = Debug|Pocket PC 2003 (ARMV4)
		{52DD0D1F-947E-47DE-B41B-86A34AF0B182}.Debug|Pocket PC 2003 (ARMV4).Deploy.0 = Debug|Pocket PC 2003 (ARMV4)
		{52DD0D1F-947E-47DE-B41B-86A34AF0B182}.Debug|Smartphone 2003 (ARMV4).ActiveCfg = Debug|Smartphone 2003 (ARMV4)
		{52DD0D1F-947E-47DE-B41B-86A34AF0B182}.Debug|Smartphone 2003 (ARMV4).Build.0 = Debug|Smartphone 2003 (ARMV4)
		{52DD0D1F-947E-47DE-B41B-86A34AF0B182}.Debug|Smartphone 2003 (ARMV4).Deploy.0 = Debug|Smartphone 2003 (ARMV4)
		{52DD0D1F-947E-47DE-B41B-86A34AF0B182}.Debug|Win32.ActiveCfg = Debug|Win32
		{52DD0D1F-947E-47DE-B41B-86A34AF0B182}.Debug|Win32.Build.0 = Debug|Win32
		{52DD0D1F-947E-47DE-B41B-86A34AF0B182}.Debug|Windows Mobile 5.0 Pocket PC SDK (ARMV4I).ActiveCfg = Debug|Windows Mobile 5.0 Pocket PC SDK (ARMV4I)
		{52DD0D1F-947E-47DE-B41B-86A34AF0B182}.Debug|Windows Mobile 5.0 Pocket PC SDK (ARMV4I).Build.0 = Debug|Windows Mobile 5.0 Pocket PC SDK (ARMV4I)
		{52DD0D1F-947E-47DE-B41B-86A34AF0B182}.Debug|Windows Mobile 5.0 Pocket PC SDK (ARMV4I).Deploy.0 = Debug|Windows Mobile 5.0 Pocket PC SDK (ARMV4I)
		{52DD0D1F-947E-47DE-B41B-86A34AF0B182}.Debug|Windows Mobile 5.0 Smartphone SDK (ARMV4I).ActiveCfg = Debug|Windows Mobile 5.0 Smartphone SDK (ARMV4I)
		{52DD0D1F-947E-47DE-B41B-86A34AF0B182}.Debug|Windows Mobile 5.0 Smartphone SDK (ARMV4I).Build.0 = Debug|Windows Mobile 5.0 Smartphone SDK (ARMV4I)
		{52DD0D1F-947E-47DE-B41B-86A34AF0B182}.Debug|Windows Mobile 5.0 Smartphone SDK (ARMV4I).Deploy.0 = Debug|Windows Mobile 5.0 Smartphone SDK (ARMV4I)
		{52DD0D1F-947E-47DE-B41B-86A34AF0B182}.Release|Mixed Platforms.ActiveCfg = Release|Windows Mobile 5.0 Smartphone SDK (ARMV4I)
		{52DD0D1F-947E-47DE-B41B-86A34AF0B182}.Release|Mixed Platforms.Build.0 = Release|Windows Mobile 5.0 Smartphone SDK (ARMV4I)
		{52DD0D1F-947E-47DE-B41B-86A34AF0B182}.Release|Pocket PC 2003 (ARMV4).ActiveCfg = Release|Pocket PC 2003 (ARMV4)
		{52DD0D1F-947E-47DE-B41B-86A34AF0B182}.Release|Pocket PC 2003 (ARMV4).Build.0 = Release|Pocket PC 2003 (ARMV4)
		{52DD0D1F-947E-47DE-B41B-86A34AF0B182}.Release|Pocket PC 2003 (ARMV4).Deploy.0 = Release|Pocket PC 2003 (ARMV4)
		{52DD0D1F-947E-47DE-B41B-86A34AF0B182}.Release|Smartphone 2003 (ARMV4).ActiveCfg = Release|Smartphone 2003 (ARMV4)
		{52DD0D1F-947E-47DE-B41B-86A34AF0B182}.Release|Smartphone 2003 (ARMV4).Build.0 = Release|Smartphone 2003 (ARMV4)
		{52DD0D1F-947E-47DE-B41B-86A34AF0B182}.Release|Smartphone 2003 (ARMV4).Deploy.0 = Release|Smartphone 2003 (ARMV4)
		{52DD0D1F-947E-47DE-B41B-86A34AF0B182}.Release|Win32.ActiveCfg = Release|Win32
		{52DD0D1F-947E-47DE-B41B-86A34AF0B182}.Release|Win32.Build.0 = Release|Win32
		{52DD0D1F-947E-47DE-B41B-86A34AF0B182}.Release|Windows Mobile 5.0 Pocket PC SDK (ARMV4I).ActiveCfg = Release|Windows Mobile 5.0 Pocket PC SDK (ARMV4I)
		{52DD0D1F-947E-47DE-B41B-86A34AF0B182}.Release|Windows Mobile 5.0 Pocket PC SDK (ARMV4I).Build.0 = Release|Windows Mobile 5.0 Pocket PC SDK (ARMV4I)
		{52DD0D1F-947E-47DE-B41B-86A34AF0B182}.Release|Windows Mobile 5.0 Pocket PC SDK (ARMV4I).Deploy.0 = Release|Windows Mobile 5.0 Pocket PC SDK (ARMV4I)
		{52DD0D1F-947E-47DE-B41B-86A34AF0B182}.Release|Windows Mobile 5.0 Smartphone SDK (ARMV4I).ActiveCfg = Release|Windows Mobile 5.0 Smartphone SDK (ARMV4I)
		{52DD0D1F-947E-47DE-B41B-86A34AF0B182}.Release|Windows Mobile 5.0 Smartphone SDK (ARMV4I).Build.0 = Release|Windows Mobile 5.0 Smartphone SDK (ARMV4I)
		{52DD0D1F-947E-47DE-B41B-86A34AF0B182}.Release|Windows Mobile 5.0 Smartphone SDK (ARMV4I).Deploy.0 = Release|Windows Mobile 5.0 Smartphone SDK (ARMV4I)
		{7FCE554E-5455-4EEC-8E53-FF0FEF5F8228}.Debug|Mixed Platforms.ActiveCfg = Debug|Win32
		{7FCE554E-5455-4EEC-8E53-FF0FEF5F8228}.Debug|Mixed Platforms.Build.0 = Debug|Win32
		{7FCE554E-5455-4EEC-8E53-FF0FEF5F8228}.Debug|Pocket PC 2003 (ARMV4).ActiveCfg = Debug|Pocket PC 2003 (ARMV4)
		{7FCE554E-5455-4EEC-8E53-FF0FEF5F8228}.Debug|Pocket PC 2003 (ARMV4).Build.0 = Debug|Pocket PC 2003 (ARMV4)
		{7FCE554E-5455-4EEC-8E53-FF0FEF5F8228}.Debug|Pocket PC 2003 (ARMV4).Deploy.0 = Debug|Pocket PC 2003 (ARMV4)
		{7FCE554E-5455-4EEC-8E53-FF0FEF5F8228}.Debug|Smartphone 2003 (ARMV4).ActiveCfg = Debug|Smartphone 2003 (ARMV4)
		{7FCE554E-5455-4EEC-8E53-FF0FEF5F8228}.Debug|Smartphone 2003 (ARMV4).Build.0 = Debug|Smartphone 2003 (ARMV4)
		{7FCE554E-5455-4EEC-8E53-FF0FEF5F8228}.Debug|Smartphone 2003 (ARMV4).Deploy.0 = Debug|Smartphone 2003 (ARMV4)
		{7FCE554E-5455-4EEC-8E53-FF0FEF5F8228}.Debug|Win32.ActiveCfg = Debug|Win32
		{7FCE554E-5455-4EEC-8E53-FF0FEF5F8228}.Debug|Win32.Build.0 = Debug|Win32
		{7FCE554E-5455-4EEC-8E53-FF0FEF5F8228}.Debug|Windows Mobile 5.0 Pocket PC SDK (ARMV4I).ActiveCfg = Debug|Win32
		{7FCE554E-5455-4EEC-8E53-FF0FEF5F8228}.Debug|Windows Mobile 5.0 Smartphone SDK (ARMV4I).ActiveCfg = Debug|Win32
		{7FCE554E-5455-4EEC-8E53-FF0FEF5F8228}.Release|Mixed Platforms.ActiveCfg = Release|Win32
		{7FCE554E-5455-4EEC-8E53-FF0FEF5F8228}.Release|Mixed Platforms.Build.0 = Release|Win32
		{7FCE554E-5455-4EEC-8E53-FF0FEF5F8228}.Release|Pocket PC 2003 (ARMV4).ActiveCfg = Release|Pocket PC 2003 (ARMV4)
		{7FCE554E-5455-4EEC-8E53-FF0FEF5F8228}.Release|Pocket PC 2003 (ARMV4).Build.0 = Release|Pocket PC 2003 (ARMV4)
		{7FCE554E-5455-4EEC-8E53-FF0FEF5F8228}.Release|Pocket PC 2003 (ARMV4).Deploy.0 = Release|Pocket PC 2003 (ARMV4)
		{7FCE554E-5455-4EEC-8E53-FF0FEF5F8228}.Release|Smartphone 2003 (ARMV4).ActiveCfg = Release|Smartphone 2003 (ARMV4)
		{7FCE554E-5455-4EEC-8E53-FF0FEF5F8228}.Release|Smartphone 2003 (ARMV4).Build.0 = Release|Smartphone 2003 (ARMV4)
		{7FCE554E-5455-4EEC-8E53-FF0FEF5F8228}.Release|Smartphone 2003 (ARMV4).Deploy.0 = Release|Smartphone 2003 (ARMV4)
		{7FCE554E-5455-4EEC-8E53-FF0FEF5F8228}.Release|Win32.ActiveCfg = Release|Win32
		{7FCE554E-5455-4EEC-8E53-FF0FEF5F8228}.Release|Win32.Build.0 = Release|Win32
		{7FCE554E-5455-4EEC-8E53-FF0FEF5F8228}.Release|Windows Mobile 5.0 Pocket PC SDK (ARMV4I).ActiveCfg = Release|Win32
		{7FCE554E-5455-4EEC-8E53-FF0FEF5F8228}.Release|Windows Mobile 5.0 Smartphone SDK (ARMV4I).ActiveCfg = Release|Win32
		{832323BE-F1FE-498C-B343-71D748D65228}.Debug|Mixed Platforms.ActiveCfg = Debug|Win32
		{832323BE-F1FE-498C-B343-71D748D65228}.Debug|Mixed Platforms.Build.0 = Debug|Win32
		{832323BE-F1FE-498C-B343-71D748D65228}.Debug|Pocket PC 2003 (ARMV4).ActiveCfg = Debug|Pocket PC 2003 (ARMV4)
		{832323BE-F1FE-498C-B343-71D748D65228}.Debug|Pocket PC 2003 (ARMV4).Build.0 = Debug|Pocket PC 2003 (ARMV4)
		{832323BE-F1FE-498C-B343-71D748D65228}.Debug|Pocket PC 2003 (ARMV4).Deploy.0 = Debug|Pocket PC 2003 (ARMV4)
		{832323BE-F1FE-498C-B343-71D748D65228}.Debug|Smartphone 2003 (ARMV4).ActiveCfg = Debug|Smartphone 2003 (ARMV4)
		{832323BE-F1FE-498C-B343-71D748D65228}.Debug|Smartphone 2003 (ARMV4).Build.0 = Debug|Smartphone 2003 (ARMV4)
		{832323BE-F1FE-498C-B343-71D748D65228}.Debug|Smartphone 2003 (ARMV4).Deploy.0 = Debug|Smartphone 2003 (ARMV4)
		{832323BE-F1FE-498C-B343-71D748D65228}.Debug|Win32.ActiveCfg = Debug|Win32
		{832323BE-F1FE-498C-B343-71D748D65228}.Debug|Win32.Build.0 = Debug|Win32
		{832323BE-F1FE-498C-B343-71D748D65228}.Debug|Windows Mobile 5.0 Pocket PC SDK (ARMV4I).ActiveCfg = Debug|Win32
		{832323BE-F1FE-498C-B343-71D748D65228}.Debug|Windows Mobile 5.0 Smartphone SDK (ARMV4I).ActiveCfg = Debug|Win32
		{832323BE-F1FE-498C-B343-71D748D65228}.Release|Mixed Platforms.ActiveCfg = Release|Win32
		{832323BE-F1FE-498C-B343-71D748D65228}.Release|Mixed Platforms.Build.0 = Release|Win32
		{832323BE-F1FE-498C-B343-71D748D65228}.Release|Pocket PC 2003 (ARMV4).ActiveCfg = Release|Pocket PC 2003 (ARMV4)
		{832323BE-F1FE-498C-B343-71D748D65228}.Release|Pocket PC 2003 (ARMV4).Build.0 = Release|Pocket PC 2003 (ARMV4)
		{832323BE-F1FE-498C-B343-71D748D65228}.Release|Pocket PC 2003 (ARMV4).Deploy.0 = Release|Pocket PC 2003 (ARMV4)
		{832323BE-F1FE-498C-B343-71D748D65228}.Release|Smartphone 2003 (ARMV4).ActiveCfg = Release|Smartphone 2003 (ARMV4)
		{832323BE-F1FE-498C-B343-71D748D65228}.Release|Smartphone 2003 (ARMV4).Build.0 = Release|Smartphone 2003 (ARMV4)
		{832323BE-F1FE-498C-B343-71D748D65228}.Release|Smartphone 2003 (ARMV4).Deploy.0 = Release|Smartphone 2003 (ARMV4)
		{832323BE-F1FE-498C-B343-71D748D65228}.Release|Win32.ActiveCfg = Release|Win32
		{832323BE-F1FE-498C-B343-71D748D65228}.Release|Win32.Build.0 = Release|Win32
		{832323BE-F1FE-498C-B343-71D748D65228}.Release|Windows Mobile 5.0 Pocket PC SDK (ARMV4I).ActiveCfg = Release|Win32
		{832323BE-F1FE-498C-B343-71D748D65228}.Release|Windows Mobile 5.0 Smartphone SDK (ARMV4I).ActiveCfg = Release|Win32
		{4B80978E-F6F7-4FA6-919C-77497126A419}.Debug|Mixed Platforms.ActiveCfg = Debug|Win32
		{4B80978E-F6F7-4FA6-919C-77497126A419}.Debug|Mixed Platforms.Build.0 = Debug|Win32
		{4B80978E-F6F7-4FA6-919C-77497126A419}.Debug|Pocket PC 2003 (ARMV4).ActiveCfg = Debug|Win32
		{4B80978E-F6F7-4FA6-919C-77497126A419}.Debug|Smartphone 2003 (ARMV4).ActiveCfg = Debug|Win32
		{4B80978E-F6F7-4FA6-919C-77497126A419}.Debug|Win32.ActiveCfg = Debug|Win32
		{4B80978E-F6F7-4FA6-919C-77497126A419}.Debug|Win32.Build.0 = Debug|Win32
		{4B80978E-F6F7-4FA6-919C-77497126A419}.Debug|Windows Mobile 5.0 Pocket PC SDK (ARMV4I).ActiveCfg = Debug|Win32
		{4B80978E-F6F7-4FA6-919C-77497126A419}.Debug|Windows Mobile 5.0 Smartphone SDK (ARMV4I).ActiveCfg = Debug|Win32
		{4B80978E-F6F7-4FA6-919C-77497126A419}.Release|Mixed Platforms.ActiveCfg = Release|Win32
		{4B80978E-F6F7-4FA6-919C-77497126A419}.Release|Mixed Platforms.Build.0 = Release|Win32
		{4B80978E-F6F7-4FA6-919C-77497126A419}.Release|Pocket PC 2003 (ARMV4).ActiveCfg = Release|Win32
		{4B80978E-F6F7-4FA6-919C-77497126A419}.Release|Smartphone 2003 (ARMV4).ActiveCfg = Release|Win32
		{4B80978E-F6F7-4FA6-919C-77497126A419}.Release|Win32.ActiveCfg = Release|Win32
		{4B80978E-F6F7-4FA6-919C-77497126A419}.Release|Win32.Build.0 = Release|Win32
		{4B80978E-F6F7-4FA6-919C-77497126A419}.Release|Windows Mobile 5.0 Pocket PC SDK (ARMV4I).ActiveCfg = Release|Win32
		{4B80978E-F6F7-4FA6-919C-77497126A419}.Release|Windows Mobile 5.0 Smartphone SDK (ARMV4I).ActiveCfg = Release|Win32
		{C8ECB503-7B33-40D7-B317-EF6678B083FE}.Debug|Mixed Platforms.ActiveCfg = Debug|Win32
		{C8ECB503-7B33-40D7-B317-EF6678B083FE}.Debug|Mixed Platforms.Build.0 = Debug|Win32
		{C8ECB503-7B33-40D7-B317-EF6678B083FE}.Debug|Pocket PC 2003 (ARMV4).ActiveCfg = Debug|Win32
		{C8ECB503-7B33-40D7-B317-EF6678B083FE}.Debug|Smartphone 2003 (ARMV4).ActiveCfg = Debug|Win32
		{C8ECB503-7B33-40D7-B317-EF6678B083FE}.Debug|Win32.ActiveCfg = Debug|Win32
		{C8ECB503-7B33-40D7-B317-EF6678B083FE}.Debug|Win32.Build.0 = Debug|Win32
		{C8ECB503-7B33-40D7-B317-EF6678B083FE}.Debug|Windows Mobile 5.0 Pocket PC SDK (ARMV4I).ActiveCfg = Debug|Win32
		{C8ECB503-7B33-40D7-B317-EF6678B083FE}.Debug|Windows Mobile 5.0 Smartphone SDK (ARMV4I).ActiveCfg = Debug|Win32
		{C8ECB503-7B33-40D7-B317-EF6678B083FE}.Release|Mixed Platforms.ActiveCfg = Release|Win32
		{C8ECB503-7B33-40D7-B317-EF6678B083FE}.Release|Mixed Platforms.Build.0 = Release|Win32
		{C8ECB503-7B33-40D7-B317-EF6678B083FE}.Release|Pocket PC 2003 (ARMV4).ActiveCfg = Release|Win32
		{C8ECB503-7B33-40D7-B317-EF6678B083FE}.Release|Smartphone 2003 (ARMV4).ActiveCfg = Release|Win32
		{C8ECB503-7B33-40D7-B317-EF6678B083FE}.Release|Win32.ActiveCfg = Release|Win32
		{C8ECB503-7B33-40D7-B317-EF6678B083FE}.Release|Win32.Build.0 = Release|Win32
		{C8ECB503-7B33-40D7-B317-EF6678B083FE}.Release|Windows Mobile 5.0 Pocket PC SDK (ARMV4I).ActiveCfg = Release|Win32
		{C8ECB503-7B33-40D7-B317-EF6678B083FE}.Release|Windows Mobile 5.0 Smartphone SDK (ARMV4I).ActiveCfg = Release|Win32
		{53252DAF-E748-482C-A34F-02CA5594D89C}.Debug|Mixed Platforms.ActiveCfg = Debug|Win32
		{53252DAF-E748-482C-A34F-02CA5594D89C}.Debug|Mixed Platforms.Build.0 = Debug|Win32
		{53252DAF-E748-482C-A34F-02CA5594D89C}.Debug|Pocket PC 2003 (ARMV4).ActiveCfg = Debug|Win32
		{53252DAF-E748-482C-A34F-02CA5594D89C}.Debug|Smartphone 2003 (ARMV4).ActiveCfg = Debug|Win32
		{53252DAF-E748-482C-A34F-02CA5594D89C}.Debug|Win32.ActiveCfg = Debug|Win32
		{53252DAF-E748-482C-A34F-02CA5594D89C}.Debug|Win32.Build.0 = Debug|Win32
		{53252DAF-E748-482C-A34F-02CA5594D89C}.Debug|Windows Mobile 5.0 Pocket PC SDK (ARMV4I).ActiveCfg = Debug|Win32
		{53252DAF-E748-482C-A34F-02CA5594D89C}.Debug|Windows Mobile 5.0 Smartphone SDK (ARMV4I).ActiveCfg = Debug|Win32
		{53252DAF-E748-482C-A34F-02CA5594D89C}.Release|Mixed Platforms.ActiveCfg = Release|Win32
		{53252DAF-E748-482C-A34F-02CA5594D89C}.Release|Mixed Platforms.Build.0 = Release|Win32
		{53252DAF-E748-482C-A34F-02CA5594D89C}.Release|Pocket PC 2003 (ARMV4).ActiveCfg = Release|Win32
		{53252DAF-E748-482C-A34F-02CA5594D89C}.Release|Smartphone 2003 (ARMV4).ActiveCfg = Release|Win32
		{53252DAF-E748-482C-A34F-02CA5594D89C}.Release|Win32.ActiveCfg = Release|Win32
		{53252DAF-E748-482C-A34F-02CA5594D89C}.Release|Win32.Build.0 = Release|Win32
		{53252DAF-E748-482C-A34F-02CA5594D89C}.Release|Windows Mobile 5.0 Pocket PC SDK (ARMV4I).ActiveCfg = Release|Win32
		{53252DAF-E748-482C-A34F-02CA5594D89C}.Release|Windows Mobile 5.0 Smartphone SDK (ARMV4I).ActiveCfg = Release|Win32
		{785C3DDF-8EC2-4C7D-90DD-0871FB11F0E8}.Debug|Mixed Platforms.ActiveCfg = Debug|Win32
		{785C3DDF-8EC2-4C7D-90DD-0871FB11F0E8}.Debug|Mixed Platforms.Build.0 = Debug|Win32
		{785C3DDF-8EC2-4C7D-90DD-0871FB11F0E8}.Debug|Pocket PC 2003 (ARMV4).ActiveCfg = Debug|Win32
		{785C3DDF-8EC2-4C7D-90DD-0871FB11F0E8}.Debug|Smartphone 2003 (ARMV4).ActiveCfg = Debug|Win32
		{785C3DDF-8EC2-4C7D-90DD-0871FB11F0E8}.Debug|Win32.ActiveCfg = Debug|Win32
		{785C3DDF-8EC2-4C7D-90DD-0871FB11F0E8}.Debug|Win32.Build.0 = Debug|Win32
		{785C3DDF-8EC2-4C7D-90DD-0871FB11F0E8}.Debug|Windows Mobile 5.0 Pocket PC SDK (ARMV4I).ActiveCfg = Debug|Win32
		{785C3DDF-8EC2-4C7D-90DD-0871FB11F0E8}.Debug|Windows Mobile 5.0 Smartphone SDK (ARMV4I).ActiveCfg = Debug|Win32
		{785C3DDF-8EC2-4C7D-90DD-0871FB11F0E8}.Release|Mixed Platforms.ActiveCfg = Release|Win32
		{785C3DDF-8EC2-4C7D-90DD-0871FB11F0E8}.Release|Mixed Platforms.Build.0 = Release|Win32
		{785C3DDF-8EC2-4C7D-90DD-0871FB11F0E8}.Release|Pocket PC 2003 (ARMV4).ActiveCfg = Release|Win32
		{785C3DDF-8EC2-4C7D-90DD-0871FB11F0E8}.Release|Smartphone 2003 (ARMV4).ActiveCfg = Release|Win32
		{785C3DDF-8EC2-4C7D-90DD-0871FB11F0E8}.Release|Win32.ActiveCfg = Release|Win32
		{785C3DDF-8EC2-4C7D-90DD-0871FB11F0E8}.Release|Win32.Build.0 = Release|Win32
		{785C3DDF-8EC2-4C7D-90DD-0871FB11F0E8}.Release|Windows Mobile 5.0 Pocket PC SDK (ARMV4I).ActiveCfg = Release|Win32
		{785C3DDF-8EC2-4C7D-90DD-0871FB11F0E8}.Release|Windows Mobile 5.0 Smartphone SDK (ARMV4I).ActiveCfg = Release|Win32
		{4201C878-EA66-4CEE-90D7-111830C11043}.Debug|Mixed Platforms.ActiveCfg = Debug|Win32
		{4201C878-EA66-4CEE-90D7-111830C11043}.Debug|Mixed Platforms.Build.0 = Debug|Win32
		{4201C878-EA66-4CEE-90D7-111830C11043}.Debug|Pocket PC 2003 (ARMV4).ActiveCfg = Debug|Win32
		{4201C878-EA66-4CEE-90D7-111830C11043}.Debug|Smartphone 2003 (ARMV4).ActiveCfg = Debug|Win32
		{4201C878-EA66-4CEE-90D7-111830C11043}.Debug|Win32.ActiveCfg = Debug|Win32
		{4201C878-EA66-4CEE-90D7-111830C11043}.Debug|Win32.Build.0 = Debug|Win32
		{4201C878-EA66-4CEE-90D7-111830C11043}.Debug|Windows Mobile 5.0 Pocket PC SDK (ARMV4I).ActiveCfg = Debug|Win32
		{4201C878-EA66-4CEE-90D7-111830C11043}.Debug|Windows Mobile 5.0 Smartphone SDK (ARMV4I).ActiveCfg = Debug|Win32
		{4201C878-EA66-4CEE-90D7-111830C11043}.Release|Mixed Platforms.ActiveCfg = Release|Win32
		{4201C878-EA66-4CEE-90D7-111830C11043}.Release|Mixed Platforms.Build.0 = Release|Win32
		{4201C878-EA66-4CEE-90D7-111830C11043}.Release|Pocket PC 2003 (ARMV4).ActiveCfg = Release|Win32
		{4201C878-EA66-4CEE-90D7-111830C11043}.Release|Smartphone 2003 (ARMV4).ActiveCfg = Release|Win32
		{4201C878-EA66-4CEE-90D7-111830C11043}.Release|Win32.ActiveCfg = Release|Win32
		{4201C878-EA66-4CEE-90D7-111830C11043}.Release|Win32.Build.0 = Release|Win32
		{4201C878-EA66-4CEE-90D7-111830C11043}.Release|Windows Mobile 5.0 Pocket PC SDK (ARMV4I).ActiveCfg = Release|Win32
		{4201C878-EA66-4CEE-90D7-111830C11043}.Release|Windows Mobile 5.0 Smartphone SDK (ARMV4I).ActiveCfg = Release|Win32
		{7BFE7120-E579-46CA-B222-D418BFB5C146}.Debug|Mixed Platforms.ActiveCfg = Debug|Win32
		{7BFE7120-E579-46CA-B222-D418BFB5C146}.Debug|Mixed Platforms.Build.0 = Debug|Win32
		{7BFE7120-E579-46CA-B222-D418BFB5C146}.Debug|Pocket PC 2003 (ARMV4).ActiveCfg = Debug|Win32
		{7BFE7120-E579-46CA-B222-D418BFB5C146}.Debug|Smartphone 2003 (ARMV4).ActiveCfg = Debug|Win32
		{7BFE7120-E579-46CA-B222-D418BFB5C146}.Debug|Win32.ActiveCfg = Debug|Win32
		{7BFE7120-E579-46CA-B222-D418BFB5C146}.Debug|Win32.Build.0 = Debug|Win32
		{7BFE7120-E579-46CA-B222-D418BFB5C146}.Debug|Windows Mobile 5.0 Pocket PC SDK (ARMV4I).ActiveCfg = Debug|Win32
		{7BFE7120-E579-46CA-B222-D418BFB5C146}.Debug|Windows Mobile 5.0 Smartphone SDK (ARMV4I).ActiveCfg = Debug|Win32
		{7BFE7120-E579-46CA-B222-D418BFB5C146}.Release|Mixed Platforms.ActiveCfg = Release|Win32
		{7BFE7120-E579-46CA-B222-D418BFB5C146}.Release|Mixed Platforms.Build.0 = Release|Win32
		{7BFE7120-E579-46CA-B222-D418BFB5C146}.Release|Pocket PC 2003 (ARMV4).ActiveCfg = Release|Win32
		{7BFE7120-E579-46CA-B222-D418BFB5C146}.Release|Smartphone 2003 (ARMV4).ActiveCfg = Release|Win32
		{7BFE7120-E579-46CA-B222-D418BFB5C146}.Release|Win32.ActiveCfg = Release|Win32
		{7BFE7120-E579-46CA-B222-D418BFB5C146}.Release|Win32.Build.0 = Release|Win32
		{7BFE7120-E579-46CA-B222-D418BFB5C146}.Release|Windows Mobile 5.0 Pocket PC SDK (ARMV4I).ActiveCfg = Release|Win32
		{7BFE7120-E579-46CA-B222-D418BFB5C146}.Release|Windows Mobile 5.0 Smartphone SDK (ARMV4I).ActiveCfg = Release|Win32
		{F720A965-DFEB-421D-99E3-832C57A55F2C}.Debug|Mixed Platforms.ActiveCfg = Debug|Win32
		{F720A965-DFEB-421D-99E3-832C57A55F2C}.Debug|Mixed Platforms.Build.0 = Debug|Win32
		{F720A965-DFEB-421D-99E3-832C57A55F2C}.Debug|Pocket PC 2003 (ARMV4).ActiveCfg = Debug|Win32
		{F720A965-DFEB-421D-99E3-832C57A55F2C}.Debug|Smartphone 2003 (ARMV4).ActiveCfg = Debug|Win32
		{F720A965-DFEB-421D-99E3-832C57A55F2C}.Debug|Win32.ActiveCfg = Debug|Win32
		{F720A965-DFEB-421D-99E3-832C57A55F2C}.Debug|Win32.Build.0 = Debug|Win32
		{F720A965-DFEB-421D-99E3-832C57A55F2C}.Debug|Windows Mobile 5.0 Pocket PC SDK (ARMV4I).ActiveCfg = Debug|Win32
		{F720A965-DFEB-421D-99E3-832C57A55F2C}.Debug|Windows Mobile 5.0 Smartphone SDK (ARMV4I).ActiveCfg = Debug|Win32
		{F720A965-DFEB-421D-99E3-832C57A55F2C}.Release|Mixed Platforms.ActiveCfg = Release|Win32
		{F720A965-DFEB-421D-99E3-832C57A55F2C}.Release|Mixed Platforms.Build.0 = Release|Win32
		{F720A965-DFEB-421D-99E3-832C57A55F2C}.Release|Pocket PC 2003 (ARMV4).ActiveCfg = Release|Win32
		{F720A965-DFEB-421D-99E3-832C57A55F2C}.Release|Smartphone 2003 (ARMV4).ActiveCfg = Release|Win32
		{F720A965-DFEB-421D-99E3-832C57A55F2C}.Release|Win32.ActiveCfg = Release|Win32
		{F720A965-DFEB-421D-99E3-832C57A55F2C}.Release|Win32.Build.0 = Release|Win32
		{F720A965-DFEB-421D-99E3-832C57A55F2C}.Release|Windows Mobile 5.0 Pocket PC SDK (ARMV4I).ActiveCfg = Release|Win32
		{F720A965-DFEB-421D-99E3-832C57A55F2C}.Release|Windows Mobile 5.0 Smartphone SDK (ARMV4I).ActiveCfg = Release|Win32
	EndGlobalSection
	GlobalSection(SolutionProperties) = preSolution
		HideSolutionNode = FALSE
	EndGlobalSection
EndGlobal
